
Microsoft Visual Studio Solution File, Format Version 12.00
# Visual Studio Version 17
VisualStudioVersion = 17.0.31903.59
MinimumVisualStudioVersion = 10.0.40219.1
Project("{FAE04EC0-301F-11D3-BF4B-00C04F79EFBC}") = "API", "API\API.csproj", "{D9E0330E-5348-466D-8154-024BB8B62C78}"
EndProject
Project("{FAE04EC0-301F-11D3-BF4B-00C04F79EFBC}") = "Application", "Application\Application.csproj", "{C1657E44-327F-4B8B-ABD0-E7B867086367}"
EndProject
Project("{FAE04EC0-301F-11D3-BF4B-00C04F79EFBC}") = "Domain", "Domain\Domain.csproj", "{0FDF4FFD-6B5B-4028-B25F-4B16AC5A70B2}"
EndProject
Project("{FAE04EC0-301F-11D3-BF4B-00C04F79EFBC}") = "Persistence", "Persistence\Persistence.csproj", "{68E61C6D-8025-4A0C-8867-1D9D4AEBD1C1}"
EndProject
Project("{FAE04EC0-301F-11D3-BF4B-00C04F79EFBC}") = "Infrastructure", "Infrastructure\Infrastructure.csproj", "{580AB95D-2845-410A-BBBB-497F335873AA}"
EndProject
Global
	GlobalSection(SolutionConfigurationPlatforms) = preSolution
		Debug|Any CPU = Debug|Any CPU
		Release|Any CPU = Release|Any CPU
	EndGlobalSection
	GlobalSection(SolutionProperties) = preSolution
		HideSolutionNode = FALSE
	EndGlobalSection
	GlobalSection(ProjectConfigurationPlatforms) = postSolution
		{D9E0330E-5348-466D-8154-024BB8B62C78}.Debug|Any CPU.ActiveCfg = Debug|Any CPU
		{D9E0330E-5348-466D-8154-024BB8B62C78}.Debug|Any CPU.Build.0 = Debug|Any CPU
		{D9E0330E-5348-466D-8154-024BB8B62C78}.Release|Any CPU.ActiveCfg = Release|Any CPU
		{D9E0330E-5348-466D-8154-024BB8B62C78}.Release|Any CPU.Build.0 = Release|Any CPU
		{C1657E44-327F-4B8B-ABD0-E7B867086367}.Debug|Any CPU.ActiveCfg = Debug|Any CPU
		{C1657E44-327F-4B8B-ABD0-E7B867086367}.Debug|Any CPU.Build.0 = Debug|Any CPU
		{C1657E44-327F-4B8B-ABD0-E7B867086367}.Release|Any CPU.ActiveCfg = Release|Any CPU
		{C1657E44-327F-4B8B-ABD0-E7B867086367}.Release|Any CPU.Build.0 = Release|Any CPU
		{0FDF4FFD-6B5B-4028-B25F-4B16AC5A70B2}.Debug|Any CPU.ActiveCfg = Debug|Any CPU
		{0FDF4FFD-6B5B-4028-B25F-4B16AC5A70B2}.Debug|Any CPU.Build.0 = Debug|Any CPU
		{0FDF4FFD-6B5B-4028-B25F-4B16AC5A70B2}.Release|Any CPU.ActiveCfg = Release|Any CPU
		{0FDF4FFD-6B5B-4028-B25F-4B16AC5A70B2}.Release|Any CPU.Build.0 = Release|Any CPU
		{68E61C6D-8025-4A0C-8867-1D9D4AEBD1C1}.Debug|Any CPU.ActiveCfg = Debug|Any CPU
		{68E61C6D-8025-4A0C-8867-1D9D4AEBD1C1}.Debug|Any CPU.Build.0 = Debug|Any CPU
		{68E61C6D-8025-4A0C-8867-1D9D4AEBD1C1}.Release|Any CPU.ActiveCfg = Release|Any CPU
		{68E61C6D-8025-4A0C-8867-1D9D4AEBD1C1}.Release|Any CPU.Build.0 = Release|Any CPU
		{580AB95D-2845-410A-BBBB-497F335873AA}.Debug|Any CPU.ActiveCfg = Debug|Any CPU
		{580AB95D-2845-410A-BBBB-497F335873AA}.Debug|Any CPU.Build.0 = Debug|Any CPU
		{580AB95D-2845-410A-BBBB-497F335873AA}.Release|Any CPU.ActiveCfg = Release|Any CPU
		{580AB95D-2845-410A-BBBB-497F335873AA}.Release|Any CPU.Build.0 = Release|Any CPU
	EndGlobalSection
EndGlobal
